// !$*UTF8*$!
{
	archiveVersion = 1;
	classes = {
	};
	objectVersion = 51;
	objects = {

/* Begin PBXBuildFile section */
		27984D7D8A95A41089923E24 /* Pods_Instagram.framework in Frameworks */ = {isa = PBXBuildFile; fileRef = BBF1B9E29658590A199086C5 /* Pods_Instagram.framework */; };
		9A42F601242E607D0020BCE8 /* AppDelegate.swift in Sources */ = {isa = PBXBuildFile; fileRef = 9A42F600242E607D0020BCE8 /* AppDelegate.swift */; };
		9A42F603242E607D0020BCE8 /* SceneDelegate.swift in Sources */ = {isa = PBXBuildFile; fileRef = 9A42F602242E607D0020BCE8 /* SceneDelegate.swift */; };
		9A42F608242E607D0020BCE8 /* Main.storyboard in Resources */ = {isa = PBXBuildFile; fileRef = 9A42F606242E607D0020BCE8 /* Main.storyboard */; };
		9A42F60A242E60830020BCE8 /* Assets.xcassets in Resources */ = {isa = PBXBuildFile; fileRef = 9A42F609242E60830020BCE8 /* Assets.xcassets */; };
		9A42F60D242E60830020BCE8 /* LaunchScreen.storyboard in Resources */ = {isa = PBXBuildFile; fileRef = 9A42F60B242E60830020BCE8 /* LaunchScreen.storyboard */; };
		9A42F617242F05690020BCE8 /* LoginViewController.swift in Sources */ = {isa = PBXBuildFile; fileRef = 9A42F616242F05690020BCE8 /* LoginViewController.swift */; };
		9A42F619242F05810020BCE8 /* HomeViewController.swift in Sources */ = {isa = PBXBuildFile; fileRef = 9A42F618242F05810020BCE8 /* HomeViewController.swift */; };
		9A42F61B242F05930020BCE8 /* ImageSelectViewController.swift in Sources */ = {isa = PBXBuildFile; fileRef = 9A42F61A242F05930020BCE8 /* ImageSelectViewController.swift */; };
		9A42F61D242F05AD0020BCE8 /* PostViewController.swift in Sources */ = {isa = PBXBuildFile; fileRef = 9A42F61C242F05AD0020BCE8 /* PostViewController.swift */; };
		9A42F61F242F05D20020BCE8 /* SettingViewController.swift in Sources */ = {isa = PBXBuildFile; fileRef = 9A42F61E242F05D20020BCE8 /* SettingViewController.swift */; };
		9A42F621242F27B20020BCE8 /* TabBarController.swift in Sources */ = {isa = PBXBuildFile; fileRef = 9A42F620242F27B20020BCE8 /* TabBarController.swift */; };
		9A42F623242F3C880020BCE8 /* GoogleService-Info.plist in Resources */ = {isa = PBXBuildFile; fileRef = 9A42F622242F3C880020BCE8 /* GoogleService-Info.plist */; };
		9A42F6272430CE0D0020BCE8 /* Const.swift in Sources */ = {isa = PBXBuildFile; fileRef = 9A42F6262430CE0D0020BCE8 /* Const.swift */; };
		9A42F6292430DA2E0020BCE8 /* PostData.swift in Sources */ = {isa = PBXBuildFile; fileRef = 9A42F6282430DA2E0020BCE8 /* PostData.swift */; };
		9A42F62E2430DB110020BCE8 /* PostTableViewCell.swift in Sources */ = {isa = PBXBuildFile; fileRef = 9A42F62C2430DB110020BCE8 /* PostTableViewCell.swift */; };
		9A42F62F2430DB110020BCE8 /* PostTableViewCell.xib in Resources */ = {isa = PBXBuildFile; fileRef = 9A42F62D2430DB110020BCE8 /* PostTableViewCell.xib */; };
		9A42F63124320A0F0020BCE8 /* CommentViewController.swift in Sources */ = {isa = PBXBuildFile; fileRef = 9A42F63024320A0F0020BCE8 /* CommentViewController.swift */; };
/* End PBXBuildFile section */

/* Begin PBXFileReference section */
		355CD809416EB5BA55384B76 /* Pods-Instagram.release.xcconfig */ = {isa = PBXFileReference; includeInIndex = 1; lastKnownFileType = text.xcconfig; name = "Pods-Instagram.release.xcconfig"; path = "Target Support Files/Pods-Instagram/Pods-Instagram.release.xcconfig"; sourceTree = "<group>"; };
		684E555938C2CFE6125908B9 /* Pods-Instagram.debug.xcconfig */ = {isa = PBXFileReference; includeInIndex = 1; lastKnownFileType = text.xcconfig; name = "Pods-Instagram.debug.xcconfig"; path = "Target Support Files/Pods-Instagram/Pods-Instagram.debug.xcconfig"; sourceTree = "<group>"; };
		9A42F5FD242E607D0020BCE8 /* Instagram.app */ = {isa = PBXFileReference; explicitFileType = wrapper.application; includeInIndex = 0; path = Instagram.app; sourceTree = BUILT_PRODUCTS_DIR; };
		9A42F600242E607D0020BCE8 /* AppDelegate.swift */ = {isa = PBXFileReference; lastKnownFileType = sourcecode.swift; path = AppDelegate.swift; sourceTree = "<group>"; };
		9A42F602242E607D0020BCE8 /* SceneDelegate.swift */ = {isa = PBXFileReference; lastKnownFileType = sourcecode.swift; path = SceneDelegate.swift; sourceTree = "<group>"; };
		9A42F607242E607D0020BCE8 /* Base */ = {isa = PBXFileReference; lastKnownFileType = file.storyboard; name = Base; path = Base.lproj/Main.storyboard; sourceTree = "<group>"; };
		9A42F609242E60830020BCE8 /* Assets.xcassets */ = {isa = PBXFileReference; lastKnownFileType = folder.assetcatalog; path = Assets.xcassets; sourceTree = "<group>"; };
		9A42F60C242E60830020BCE8 /* Base */ = {isa = PBXFileReference; lastKnownFileType = file.storyboard; name = Base; path = Base.lproj/LaunchScreen.storyboard; sourceTree = "<group>"; };
		9A42F60E242E60830020BCE8 /* Info.plist */ = {isa = PBXFileReference; lastKnownFileType = text.plist.xml; path = Info.plist; sourceTree = "<group>"; };
		9A42F616242F05690020BCE8 /* LoginViewController.swift */ = {isa = PBXFileReference; lastKnownFileType = sourcecode.swift; path = LoginViewController.swift; sourceTree = "<group>"; };
		9A42F618242F05810020BCE8 /* HomeViewController.swift */ = {isa = PBXFileReference; lastKnownFileType = sourcecode.swift; path = HomeViewController.swift; sourceTree = "<group>"; };
		9A42F61A242F05930020BCE8 /* ImageSelectViewController.swift */ = {isa = PBXFileReference; lastKnownFileType = sourcecode.swift; path = ImageSelectViewController.swift; sourceTree = "<group>"; };
		9A42F61C242F05AD0020BCE8 /* PostViewController.swift */ = {isa = PBXFileReference; lastKnownFileType = sourcecode.swift; path = PostViewController.swift; sourceTree = "<group>"; };
		9A42F61E242F05D20020BCE8 /* SettingViewController.swift */ = {isa = PBXFileReference; lastKnownFileType = sourcecode.swift; path = SettingViewController.swift; sourceTree = "<group>"; };
		9A42F620242F27B20020BCE8 /* TabBarController.swift */ = {isa = PBXFileReference; lastKnownFileType = sourcecode.swift; path = TabBarController.swift; sourceTree = "<group>"; };
		9A42F622242F3C880020BCE8 /* GoogleService-Info.plist */ = {isa = PBXFileReference; fileEncoding = 4; lastKnownFileType = text.plist.xml; path = "GoogleService-Info.plist"; sourceTree = "<group>"; };
		9A42F6262430CE0D0020BCE8 /* Const.swift */ = {isa = PBXFileReference; lastKnownFileType = sourcecode.swift; path = Const.swift; sourceTree = "<group>"; };
		9A42F6282430DA2E0020BCE8 /* PostData.swift */ = {isa = PBXFileReference; lastKnownFileType = sourcecode.swift; path = PostData.swift; sourceTree = "<group>"; };
		9A42F62C2430DB110020BCE8 /* PostTableViewCell.swift */ = {isa = PBXFileReference; lastKnownFileType = sourcecode.swift; path = PostTableViewCell.swift; sourceTree = "<group>"; };
		9A42F62D2430DB110020BCE8 /* PostTableViewCell.xib */ = {isa = PBXFileReference; lastKnownFileType = file.xib; path = PostTableViewCell.xib; sourceTree = "<group>"; };
		9A42F63024320A0F0020BCE8 /* CommentViewController.swift */ = {isa = PBXFileReference; lastKnownFileType = sourcecode.swift; path = CommentViewController.swift; sourceTree = "<group>"; };
		BBF1B9E29658590A199086C5 /* Pods_Instagram.framework */ = {isa = PBXFileReference; explicitFileType = wrapper.framework; includeInIndex = 0; path = Pods_Instagram.framework; sourceTree = BUILT_PRODUCTS_DIR; };
/* End PBXFileReference section */

/* Begin PBXFrameworksBuildPhase section */
		9A42F5FA242E607D0020BCE8 /* Frameworks */ = {
			isa = PBXFrameworksBuildPhase;
			buildActionMask = 2147483647;
			files = (
				27984D7D8A95A41089923E24 /* Pods_Instagram.framework in Frameworks */,
			);
			runOnlyForDeploymentPostprocessing = 0;
		};
/* End PBXFrameworksBuildPhase section */

/* Begin PBXGroup section */
		4E28032DB1283E82AD5912C0 /* Frameworks */ = {
			isa = PBXGroup;
			children = (
				BBF1B9E29658590A199086C5 /* Pods_Instagram.framework */,
			);
			name = Frameworks;
			sourceTree = "<group>";
		};
		7074C71EA5CD17A29E440DE1 /* Pods */ = {
			isa = PBXGroup;
			children = (
				684E555938C2CFE6125908B9 /* Pods-Instagram.debug.xcconfig */,
				355CD809416EB5BA55384B76 /* Pods-Instagram.release.xcconfig */,
			);
			path = Pods;
			sourceTree = "<group>";
		};
		9A42F5F4242E607D0020BCE8 = {
			isa = PBXGroup;
			children = (
				9A42F5FF242E607D0020BCE8 /* Instagram */,
				9A42F5FE242E607D0020BCE8 /* Products */,
				7074C71EA5CD17A29E440DE1 /* Pods */,
				4E28032DB1283E82AD5912C0 /* Frameworks */,
			);
			sourceTree = "<group>";
		};
		9A42F5FE242E607D0020BCE8 /* Products */ = {
			isa = PBXGroup;
			children = (
				9A42F5FD242E607D0020BCE8 /* Instagram.app */,
			);
			name = Products;
			sourceTree = "<group>";
		};
		9A42F5FF242E607D0020BCE8 /* Instagram */ = {
			isa = PBXGroup;
			children = (
				9A42F600242E607D0020BCE8 /* AppDelegate.swift */,
				9A42F602242E607D0020BCE8 /* SceneDelegate.swift */,
				9A42F616242F05690020BCE8 /* LoginViewController.swift */,
				9A42F618242F05810020BCE8 /* HomeViewController.swift */,
				9A42F61A242F05930020BCE8 /* ImageSelectViewController.swift */,
				9A42F61C242F05AD0020BCE8 /* PostViewController.swift */,
				9A42F6282430DA2E0020BCE8 /* PostData.swift */,
				9A42F61E242F05D20020BCE8 /* SettingViewController.swift */,
				9A42F620242F27B20020BCE8 /* TabBarController.swift */,
				9A42F63024320A0F0020BCE8 /* CommentViewController.swift */,
				9A42F62C2430DB110020BCE8 /* PostTableViewCell.swift */,
				9A42F62D2430DB110020BCE8 /* PostTableViewCell.xib */,
				9A42F6262430CE0D0020BCE8 /* Const.swift */,
				9A42F606242E607D0020BCE8 /* Main.storyboard */,
				9A42F609242E60830020BCE8 /* Assets.xcassets */,
				9A42F60B242E60830020BCE8 /* LaunchScreen.storyboard */,
				9A42F622242F3C880020BCE8 /* GoogleService-Info.plist */,
				9A42F60E242E60830020BCE8 /* Info.plist */,
			);
			path = Instagram;
			sourceTree = "<group>";
		};
/* End PBXGroup section */

/* Begin PBXNativeTarget section */
		9A42F5FC242E607D0020BCE8 /* Instagram */ = {
			isa = PBXNativeTarget;
			buildConfigurationList = 9A42F611242E60830020BCE8 /* Build configuration list for PBXNativeTarget "Instagram" */;
			buildPhases = (
				1CB15A109C194CF19A2309E4 /* [CP] Check Pods Manifest.lock */,
				9A42F5F9242E607D0020BCE8 /* Sources */,
				9A42F5FA242E607D0020BCE8 /* Frameworks */,
				9A42F5FB242E607D0020BCE8 /* Resources */,
				90938091A8A881B3EDDF02DA /* [CP] Embed Pods Frameworks */,
			);
			buildRules = (
			);
			dependencies = (
			);
			name = Instagram;
			productName = Instagram;
			productReference = 9A42F5FD242E607D0020BCE8 /* Instagram.app */;
			productType = "com.apple.product-type.application";
		};
/* End PBXNativeTarget section */

/* Begin PBXProject section */
		9A42F5F5242E607D0020BCE8 /* Project object */ = {
			isa = PBXProject;
			attributes = {
				LastSwiftUpdateCheck = 1110;
				LastUpgradeCheck = 1110;
				ORGANIZATIONNAME = jp.techacademy;
				TargetAttributes = {
					9A42F5FC242E607D0020BCE8 = {
						CreatedOnToolsVersion = 11.1;
					};
				};
			};
			buildConfigurationList = 9A42F5F8242E607D0020BCE8 /* Build configuration list for PBXProject "Instagram" */;
			compatibilityVersion = "Xcode 9.3";
			developmentRegion = en;
			hasScannedForEncodings = 0;
			knownRegions = (
				en,
				Base,
			);
			mainGroup = 9A42F5F4242E607D0020BCE8;
			productRefGroup = 9A42F5FE242E607D0020BCE8 /* Products */;
			projectDirPath = "";
			projectRoot = "";
			targets = (
				9A42F5FC242E607D0020BCE8 /* Instagram */,
			);
		};
/* End PBXProject section */

/* Begin PBXResourcesBuildPhase section */
		9A42F5FB242E607D0020BCE8 /* Resources */ = {
			isa = PBXResourcesBuildPhase;
			buildActionMask = 2147483647;
			files = (
				9A42F60D242E60830020BCE8 /* LaunchScreen.storyboard in Resources */,
				9A42F62F2430DB110020BCE8 /* PostTableViewCell.xib in Resources */,
				9A42F623242F3C880020BCE8 /* GoogleService-Info.plist in Resources */,
				9A42F60A242E60830020BCE8 /* Assets.xcassets in Resources */,
				9A42F608242E607D0020BCE8 /* Main.storyboard in Resources */,
			);
			runOnlyForDeploymentPostprocessing = 0;
		};
/* End PBXResourcesBuildPhase section */

/* Begin PBXShellScriptBuildPhase section */
		1CB15A109C194CF19A2309E4 /* [CP] Check Pods Manifest.lock */ = {
			isa = PBXShellScriptBuildPhase;
			buildActionMask = 2147483647;
			files = (
			);
			inputFileListPaths = (
			);
			inputPaths = (
				"${PODS_PODFILE_DIR_PATH}/Podfile.lock",
				"${PODS_ROOT}/Manifest.lock",
			);
			name = "[CP] Check Pods Manifest.lock";
			outputFileListPaths = (
			);
			outputPaths = (
				"$(DERIVED_FILE_DIR)/Pods-Instagram-checkManifestLockResult.txt",
			);
			runOnlyForDeploymentPostprocessing = 0;
			shellPath = /bin/sh;
			shellScript = "diff \"${PODS_PODFILE_DIR_PATH}/Podfile.lock\" \"${PODS_ROOT}/Manifest.lock\" > /dev/null\nif [ $? != 0 ] ; then\n    # print error to STDERR\n    echo \"error: The sandbox is not in sync with the Podfile.lock. Run 'pod install' or update your CocoaPods installation.\" >&2\n    exit 1\nfi\n# This output is used by Xcode 'outputs' to avoid re-running this script phase.\necho \"SUCCESS\" > \"${SCRIPT_OUTPUT_FILE_0}\"\n";
			showEnvVarsInLog = 0;
		};
		90938091A8A881B3EDDF02DA /* [CP] Embed Pods Frameworks */ = {
			isa = PBXShellScriptBuildPhase;
			buildActionMask = 2147483647;
			files = (
			);
			inputFileListPaths = (
				"${PODS_ROOT}/Target Support Files/Pods-Instagram/Pods-Instagram-frameworks-${CONFIGURATION}-input-files.xcfilelist",
			);
			name = "[CP] Embed Pods Frameworks";
			outputFileListPaths = (
				"${PODS_ROOT}/Target Support Files/Pods-Instagram/Pods-Instagram-frameworks-${CONFIGURATION}-output-files.xcfilelist",
			);
			runOnlyForDeploymentPostprocessing = 0;
			shellPath = /bin/sh;
			shellScript = "\"${PODS_ROOT}/Target Support Files/Pods-Instagram/Pods-Instagram-frameworks.sh\"\n";
			showEnvVarsInLog = 0;
		};
/* End PBXShellScriptBuildPhase section */

/* Begin PBXSourcesBuildPhase section */
		9A42F5F9242E607D0020BCE8 /* Sources */ = {
			isa = PBXSourcesBuildPhase;
			buildActionMask = 2147483647;
			files = (
				9A42F62E2430DB110020BCE8 /* PostTableViewCell.swift in Sources */,
				9A42F61B242F05930020BCE8 /* ImageSelectViewController.swift in Sources */,
				9A42F621242F27B20020BCE8 /* TabBarController.swift in Sources */,
				9A42F619242F05810020BCE8 /* HomeViewController.swift in Sources */,
				9A42F61D242F05AD0020BCE8 /* PostViewController.swift in Sources */,
				9A42F61F242F05D20020BCE8 /* SettingViewController.swift in Sources */,
				9A42F6292430DA2E0020BCE8 /* PostData.swift in Sources */,
				9A42F617242F05690020BCE8 /* LoginViewController.swift in Sources */,
				9A42F63124320A0F0020BCE8 /* CommentViewController.swift in Sources */,
				9A42F601242E607D0020BCE8 /* AppDelegate.swift in Sources */,
				9A42F603242E607D0020BCE8 /* SceneDelegate.swift in Sources */,
				9A42F6272430CE0D0020BCE8 /* Const.swift in Sources */,
			);
			runOnlyForDeploymentPostprocessing = 0;
		};
/* End PBXSourcesBuildPhase section */

/* Begin PBXVariantGroup section */
		9A42F606242E607D0020BCE8 /* Main.storyboard */ = {
			isa = PBXVariantGroup;
			children = (
				9A42F607242E607D0020BCE8 /* Base */,
			);
			name = Main.storyboard;
			sourceTree = "<group>";
		};
		9A42F60B242E60830020BCE8 /* LaunchScreen.storyboard */ = {
			isa = PBXVariantGroup;
			children = (
				9A42F60C242E60830020BCE8 /* Base */,
			);
			name = LaunchScreen.storyboard;
			sourceTree = "<group>";
		};
/* End PBXVariantGroup section */

/* Begin XCBuildConfiguration section */
		9A42F60F242E60830020BCE8 /* Debug */ = {
			isa = XCBuildConfiguration;
			buildSettings = {
				ALWAYS_SEARCH_USER_PATHS = NO;
				CLANG_ANALYZER_NONNULL = YES;
				CLANG_ANALYZER_NUMBER_OBJECT_CONVERSION = YES_AGGRESSIVE;
				CLANG_CXX_LANGUAGE_STANDARD = "gnu++14";
				CLANG_CXX_LIBRARY = "libc++";
				CLANG_ENABLE_MODULES = YES;
				CLANG_ENABLE_OBJC_ARC = YES;
				CLANG_ENABLE_OBJC_WEAK = YES;
				CLANG_WARN_BLOCK_CAPTURE_AUTORELEASING = YES;
				CLANG_WARN_BOOL_CONVERSION = YES;
				CLANG_WARN_COMMA = YES;
				CLANG_WARN_CONSTANT_CONVERSION = YES;
				CLANG_WARN_DEPRECATED_OBJC_IMPLEMENTATIONS = YES;
				CLANG_WARN_DIRECT_OBJC_ISA_USAGE = YES_ERROR;
				CLANG_WARN_DOCUMENTATION_COMMENTS = YES;
				CLANG_WARN_EMPTY_BODY = YES;
				CLANG_WARN_ENUM_CONVERSION = YES;
				CLANG_WARN_INFINITE_RECURSION = YES;
				CLANG_WARN_INT_CONVERSION = YES;
				CLANG_WARN_NON_LITERAL_NULL_CONVERSION = YES;
				CLANG_WARN_OBJC_IMPLICIT_RETAIN_SELF = YES;
				CLANG_WARN_OBJC_LITERAL_CONVERSION = YES;
				CLANG_WARN_OBJC_ROOT_CLASS = YES_ERROR;
				CLANG_WARN_RANGE_LOOP_ANALYSIS = YES;
				CLANG_WARN_STRICT_PROTOTYPES = YES;
				CLANG_WARN_SUSPICIOUS_MOVE = YES;
				CLANG_WARN_UNGUARDED_AVAILABILITY = YES_AGGRESSIVE;
				CLANG_WARN_UNREACHABLE_CODE = YES;
				CLANG_WARN__DUPLICATE_METHOD_MATCH = YES;
				COPY_PHASE_STRIP = NO;
				DEBUG_INFORMATION_FORMAT = dwarf;
				ENABLE_STRICT_OBJC_MSGSEND = YES;
				ENABLE_TESTABILITY = YES;
				GCC_C_LANGUAGE_STANDARD = gnu11;
				GCC_DYNAMIC_NO_PIC = NO;
				GCC_NO_COMMON_BLOCKS = YES;
				GCC_OPTIMIZATION_LEVEL = 0;
				GCC_PREPROCESSOR_DEFINITIONS = (
					"DEBUG=1",
					"$(inherited)",
				);
				GCC_WARN_64_TO_32_BIT_CONVERSION = YES;
				GCC_WARN_ABOUT_RETURN_TYPE = YES_ERROR;
				GCC_WARN_UNDECLARED_SELECTOR = YES;
				GCC_WARN_UNINITIALIZED_AUTOS = YES_AGGRESSIVE;
				GCC_WARN_UNUSED_FUNCTION = YES;
				GCC_WARN_UNUSED_VARIABLE = YES;
				IPHONEOS_DEPLOYMENT_TARGET = 13.1;
				MTL_ENABLE_DEBUG_INFO = INCLUDE_SOURCE;
				MTL_FAST_MATH = YES;
				ONLY_ACTIVE_ARCH = YES;
				SDKROOT = iphoneos;
				SWIFT_ACTIVE_COMPILATION_CONDITIONS = DEBUG;
				SWIFT_OPTIMIZATION_LEVEL = "-Onone";
			};
			name = Debug;
		};
		9A42F610242E60830020BCE8 /* Release */ = {
			isa = XCBuildConfiguration;
			buildSettings = {
				ALWAYS_SEARCH_USER_PATHS = NO;
				CLANG_ANALYZER_NONNULL = YES;
				CLANG_ANALYZER_NUMBER_OBJECT_CONVERSION = YES_AGGRESSIVE;
				CLANG_CXX_LANGUAGE_STANDARD = "gnu++14";
				CLANG_CXX_LIBRARY = "libc++";
				CLANG_ENABLE_MODULES = YES;
				CLANG_ENABLE_OBJC_ARC = YES;
				CLANG_ENABLE_OBJC_WEAK = YES;
				CLANG_WARN_BLOCK_CAPTURE_AUTORELEASING = YES;
				CLANG_WARN_BOOL_CONVERSION = YES;
				CLANG_WARN_COMMA = YES;
				CLANG_WARN_CONSTANT_CONVERSION = YES;
				CLANG_WARN_DEPRECATED_OBJC_IMPLEMENTATIONS = YES;
				CLANG_WARN_DIRECT_OBJC_ISA_USAGE = YES_ERROR;
				CLANG_WARN_DOCUMENTATION_COMMENTS = YES;
				CLANG_WARN_EMPTY_BODY = YES;
				CLANG_WARN_ENUM_CONVERSION = YES;
				CLANG_WARN_INFINITE_RECURSION = YES;
				CLANG_WARN_INT_CONVERSION = YES;
				CLANG_WARN_NON_LITERAL_NULL_CONVERSION = YES;
				CLANG_WARN_OBJC_IMPLICIT_RETAIN_SELF = YES;
				CLANG_WARN_OBJC_LITERAL_CONVERSION = YES;
				CLANG_WARN_OBJC_ROOT_CLASS = YES_ERROR;
				CLANG_WARN_RANGE_LOOP_ANALYSIS = YES;
				CLANG_WARN_STRICT_PROTOTYPES = YES;
				CLANG_WARN_SUSPICIOUS_MOVE = YES;
				CLANG_WARN_UNGUARDED_AVAILABILITY = YES_AGGRESSIVE;
				CLANG_WARN_UNREACHABLE_CODE = YES;
				CLANG_WARN__DUPLICATE_METHOD_MATCH = YES;
				COPY_PHASE_STRIP = NO;
				DEBUG_INFORMATION_FORMAT = "dwarf-with-dsym";
				ENABLE_NS_ASSERTIONS = NO;
				ENABLE_STRICT_OBJC_MSGSEND = YES;
				GCC_C_LANGUAGE_STANDARD = gnu11;
				GCC_NO_COMMON_BLOCKS = YES;
				GCC_WARN_64_TO_32_BIT_CONVERSION = YES;
				GCC_WARN_ABOUT_RETURN_TYPE = YES_ERROR;
				GCC_WARN_UNDECLARED_SELECTOR = YES;
				GCC_WARN_UNINITIALIZED_AUTOS = YES_AGGRESSIVE;
				GCC_WARN_UNUSED_FUNCTION = YES;
				GCC_WARN_UNUSED_VARIABLE = YES;
				IPHONEOS_DEPLOYMENT_TARGET = 13.1;
				MTL_ENABLE_DEBUG_INFO = NO;
				MTL_FAST_MATH = YES;
				SDKROOT = iphoneos;
				SWIFT_COMPILATION_MODE = wholemodule;
				SWIFT_OPTIMIZATION_LEVEL = "-O";
				VALIDATE_PRODUCT = YES;
			};
			name = Release;
		};
		9A42F612242E60830020BCE8 /* Debug */ = {
			isa = XCBuildConfiguration;
			baseConfigurationReference = 684E555938C2CFE6125908B9 /* Pods-Instagram.debug.xcconfig */;
			buildSettings = {
				ASSETCATALOG_COMPILER_APPICON_NAME = AppIcon;
				CODE_SIGN_STYLE = Automatic;
				DEVELOPMENT_TEAM = VD4WK33NQL;
				INFOPLIST_FILE = Instagram/Info.plist;
				LD_RUNPATH_SEARCH_PATHS = (
					"$(inherited)",
					"@executable_path/Frameworks",
				);
				PRODUCT_BUNDLE_IDENTIFIER = jp.ThecAcademy.UeDai.Instagram;
				PRODUCT_NAME = "$(TARGET_NAME)";
				SWIFT_VERSION = 5.0;
				TARGETED_DEVICE_FAMILY = 1;
			};
			name = Debug;
		};
		9A42F613242E60830020BCE8 /* Release */ = {
			isa = XCBuildConfiguration;
			baseConfigurationReference = 355CD809416EB5BA55384B76 /* Pods-Instagram.release.xcconfig */;
			buildSettings = {
				ASSETCATALOG_COMPILER_APPICON_NAME = AppIcon;
				CODE_SIGN_STYLE = Automatic;
				DEVELOPMENT_TEAM = VD4WK33NQL;
				INFOPLIST_FILE = Instagram/Info.plist;
				LD_RUNPATH_SEARCH_PATHS = (
					"$(inherited)",
					"@executable_path/Frameworks",
				);
				PRODUCT_BUNDLE_IDENTIFIER = jp.ThecAcademy.UeDai.Instagram;
				PRODUCT_NAME = "$(TARGET_NAME)";
				SWIFT_VERSION = 5.0;
				TARGETED_DEVICE_FAMILY = 1;
			};
			name = Release;
		};
/* End XCBuildConfiguration section */

/* Begin XCConfigurationList section */
		9A42F5F8242E607D0020BCE8 /* Build configuration list for PBXProject "Instagram" */ = {
			isa = XCConfigurationList;
			buildConfigurations = (
				9A42F60F242E60830020BCE8 /* Debug */,
				9A42F610242E60830020BCE8 /* Release */,
			);
			defaultConfigurationIsVisible = 0;
			defaultConfigurationName = Release;
		};
		9A42F611242E60830020BCE8 /* Build configuration list for PBXNativeTarget "Instagram" */ = {
			isa = XCConfigurationList;
			buildConfigurations = (
				9A42F612242E60830020BCE8 /* Debug */,
				9A42F613242E60830020BCE8 /* Release */,
			);
			defaultConfigurationIsVisible = 0;
			defaultConfigurationName = Release;
		};
/* End XCConfigurationList section */
	};
	rootObject = 9A42F5F5242E607D0020BCE8 /* Project object */;
}
